// !$*UTF8*$!
{
	archiveVersion = 1;
	classes = {
	};
	objectVersion = 56;
	objects = {

/* Begin PBXBuildFile section */
		500683332A8B9738006AD561 /* AppDelegate.swift in Sources */ = {isa = PBXBuildFile; fileRef = 500683322A8B9738006AD561 /* AppDelegate.swift */; };
		500683352A8B9738006AD561 /* SceneDelegate.swift in Sources */ = {isa = PBXBuildFile; fileRef = 500683342A8B9738006AD561 /* SceneDelegate.swift */; };
		500683372A8B9738006AD561 /* ViewController.swift in Sources */ = {isa = PBXBuildFile; fileRef = 500683362A8B9738006AD561 /* ViewController.swift */; };
		5006833A2A8B9738006AD561 /* Main.storyboard in Resources */ = {isa = PBXBuildFile; fileRef = 500683382A8B9738006AD561 /* Main.storyboard */; };
		5006833C2A8B9739006AD561 /* Assets.xcassets in Resources */ = {isa = PBXBuildFile; fileRef = 5006833B2A8B9739006AD561 /* Assets.xcassets */; };
		5006833F2A8B9739006AD561 /* LaunchScreen.storyboard in Resources */ = {isa = PBXBuildFile; fileRef = 5006833D2A8B9739006AD561 /* LaunchScreen.storyboard */; };
		500683502A8C0B0C006AD561 /* G.wav in Resources */ = {isa = PBXBuildFile; fileRef = 500683492A8C0B07006AD561 /* G.wav */; };
		500683512A8C0B0C006AD561 /* B.wav in Resources */ = {isa = PBXBuildFile; fileRef = 5006834A2A8C0B08006AD561 /* B.wav */; };
		500683522A8C0B0C006AD561 /* D.wav in Resources */ = {isa = PBXBuildFile; fileRef = 5006834B2A8C0B09006AD561 /* D.wav */; };
		500683532A8C0B0C006AD561 /* A.wav in Resources */ = {isa = PBXBuildFile; fileRef = 5006834C2A8C0B0B006AD561 /* A.wav */; };
		500683542A8C0B0C006AD561 /* C.wav in Resources */ = {isa = PBXBuildFile; fileRef = 5006834D2A8C0B0B006AD561 /* C.wav */; };
		500683552A8C0B0C006AD561 /* F.wav in Resources */ = {isa = PBXBuildFile; fileRef = 5006834E2A8C0B0C006AD561 /* F.wav */; };
		500683562A8C0B0C006AD561 /* E.wav in Resources */ = {isa = PBXBuildFile; fileRef = 5006834F2A8C0B0C006AD561 /* E.wav */; };
/* End PBXBuildFile section */

/* Begin PBXFileReference section */
		5006832F2A8B9738006AD561 /* Xylophone.app */ = {isa = PBXFileReference; explicitFileType = wrapper.application; includeInIndex = 0; path = Xylophone.app; sourceTree = BUILT_PRODUCTS_DIR; };
		500683322A8B9738006AD561 /* AppDelegate.swift */ = {isa = PBXFileReference; lastKnownFileType = sourcecode.swift; path = AppDelegate.swift; sourceTree = "<group>"; };
		500683342A8B9738006AD561 /* SceneDelegate.swift */ = {isa = PBXFileReference; lastKnownFileType = sourcecode.swift; path = SceneDelegate.swift; sourceTree = "<group>"; };
		500683362A8B9738006AD561 /* ViewController.swift */ = {isa = PBXFileReference; lastKnownFileType = sourcecode.swift; path = ViewController.swift; sourceTree = "<group>"; };
		500683392A8B9738006AD561 /* Base */ = {isa = PBXFileReference; lastKnownFileType = file.storyboard; name = Base; path = Base.lproj/Main.storyboard; sourceTree = "<group>"; };
		5006833B2A8B9739006AD561 /* Assets.xcassets */ = {isa = PBXFileReference; lastKnownFileType = folder.assetcatalog; path = Assets.xcassets; sourceTree = "<group>"; };
		5006833E2A8B9739006AD561 /* Base */ = {isa = PBXFileReference; lastKnownFileType = file.storyboard; name = Base; path = Base.lproj/LaunchScreen.storyboard; sourceTree = "<group>"; };
		500683402A8B9739006AD561 /* Info.plist */ = {isa = PBXFileReference; lastKnownFileType = text.plist.xml; path = Info.plist; sourceTree = "<group>"; };
		500683492A8C0B07006AD561 /* G.wav */ = {isa = PBXFileReference; lastKnownFileType = audio.wav; path = G.wav; sourceTree = "<group>"; };
		5006834A2A8C0B08006AD561 /* B.wav */ = {isa = PBXFileReference; lastKnownFileType = audio.wav; path = B.wav; sourceTree = "<group>"; };
		5006834B2A8C0B09006AD561 /* D.wav */ = {isa = PBXFileReference; lastKnownFileType = audio.wav; path = D.wav; sourceTree = "<group>"; };
		5006834C2A8C0B0B006AD561 /* A.wav */ = {isa = PBXFileReference; lastKnownFileType = audio.wav; path = A.wav; sourceTree = "<group>"; };
		5006834D2A8C0B0B006AD561 /* C.wav */ = {isa = PBXFileReference; lastKnownFileType = audio.wav; path = C.wav; sourceTree = "<group>"; };
		5006834E2A8C0B0C006AD561 /* F.wav */ = {isa = PBXFileReference; lastKnownFileType = audio.wav; path = F.wav; sourceTree = "<group>"; };
		5006834F2A8C0B0C006AD561 /* E.wav */ = {isa = PBXFileReference; lastKnownFileType = audio.wav; path = E.wav; sourceTree = "<group>"; };
/* End PBXFileReference section */

/* Begin PBXFrameworksBuildPhase section */
		5006832C2A8B9738006AD561 /* Frameworks */ = {
			isa = PBXFrameworksBuildPhase;
			buildActionMask = 2147483647;
			files = (
			);
			runOnlyForDeploymentPostprocessing = 0;
		};
/* End PBXFrameworksBuildPhase section */

/* Begin PBXGroup section */
		500683262A8B9738006AD561 = {
			isa = PBXGroup;
			children = (
				500683312A8B9738006AD561 /* Xylophone */,
				500683302A8B9738006AD561 /* Products */,
			);
			sourceTree = "<group>";
		};
		500683302A8B9738006AD561 /* Products */ = {
			isa = PBXGroup;
			children = (
				5006832F2A8B9738006AD561 /* Xylophone.app */,
			);
			name = Products;
			sourceTree = "<group>";
		};
		500683312A8B9738006AD561 /* Xylophone */ = {
			isa = PBXGroup;
			children = (
				500683482A8C0ADC006AD561 /* Sound */,
				500683322A8B9738006AD561 /* AppDelegate.swift */,
				500683342A8B9738006AD561 /* SceneDelegate.swift */,
				500683362A8B9738006AD561 /* ViewController.swift */,
				500683382A8B9738006AD561 /* Main.storyboard */,
				5006833B2A8B9739006AD561 /* Assets.xcassets */,
				5006833D2A8B9739006AD561 /* LaunchScreen.storyboard */,
				500683402A8B9739006AD561 /* Info.plist */,
			);
			path = Xylophone;
			sourceTree = "<group>";
		};
		500683482A8C0ADC006AD561 /* Sound */ = {
			isa = PBXGroup;
			children = (
				5006834C2A8C0B0B006AD561 /* A.wav */,
				5006834A2A8C0B08006AD561 /* B.wav */,
				5006834D2A8C0B0B006AD561 /* C.wav */,
				5006834B2A8C0B09006AD561 /* D.wav */,
				5006834F2A8C0B0C006AD561 /* E.wav */,
				5006834E2A8C0B0C006AD561 /* F.wav */,
				500683492A8C0B07006AD561 /* G.wav */,
			);
			path = Sound;
			sourceTree = "<group>";
		};
/* End PBXGroup section */

/* Begin PBXNativeTarget section */
		5006832E2A8B9738006AD561 /* Xylophone */ = {
			isa = PBXNativeTarget;
			buildConfigurationList = 500683432A8B9739006AD561 /* Build configuration list for PBXNativeTarget "Xylophone" */;
			buildPhases = (
				5006832B2A8B9738006AD561 /* Sources */,
				5006832C2A8B9738006AD561 /* Frameworks */,
				5006832D2A8B9738006AD561 /* Resources */,
			);
			buildRules = (
			);
			dependencies = (
			);
			name = Xylophone;
			productName = Xylophone;
			productReference = 5006832F2A8B9738006AD561 /* Xylophone.app */;
			productType = "com.apple.product-type.application";
		};
/* End PBXNativeTarget section */

/* Begin PBXProject section */
		500683272A8B9738006AD561 /* Project object */ = {
			isa = PBXProject;
			attributes = {
				BuildIndependentTargetsInParallel = 1;
				LastSwiftUpdateCheck = 1420;
				LastUpgradeCheck = 1420;
				TargetAttributes = {
					5006832E2A8B9738006AD561 = {
						CreatedOnToolsVersion = 14.2;
					};
				};
			};
			buildConfigurationList = 5006832A2A8B9738006AD561 /* Build configuration list for PBXProject "Xylophone" */;
			compatibilityVersion = "Xcode 14.0";
			developmentRegion = en;
			hasScannedForEncodings = 0;
			knownRegions = (
				en,
				Base,
			);
			mainGroup = 500683262A8B9738006AD561;
			productRefGroup = 500683302A8B9738006AD561 /* Products */;
			projectDirPath = "";
			projectRoot = "";
			targets = (
				5006832E2A8B9738006AD561 /* Xylophone */,
			);
		};
/* End PBXProject section */

/* Begin PBXResourcesBuildPhase section */
		5006832D2A8B9738006AD561 /* Resources */ = {
			isa = PBXResourcesBuildPhase;
			buildActionMask = 2147483647;
			files = (
				500683562A8C0B0C006AD561 /* E.wav in Resources */,
				5006833F2A8B9739006AD561 /* LaunchScreen.storyboard in Resources */,
				500683502A8C0B0C006AD561 /* G.wav in Resources */,
				500683532A8C0B0C006AD561 /* A.wav in Resources */,
				500683552A8C0B0C006AD561 /* F.wav in Resources */,
				500683542A8C0B0C006AD561 /* C.wav in Resources */,
				500683522A8C0B0C006AD561 /* D.wav in Resources */,
				5006833C2A8B9739006AD561 /* Assets.xcassets in Resources */,
				500683512A8C0B0C006AD561 /* B.wav in Resources */,
				5006833A2A8B9738006AD561 /* Main.storyboard in Resources */,
			);
			runOnlyForDeploymentPostprocessing = 0;
		};
/* End PBXResourcesBuildPhase section */

/* Begin PBXSourcesBuildPhase section */
		5006832B2A8B9738006AD561 /* Sources */ = {
			isa = PBXSourcesBuildPhase;
			buildActionMask = 2147483647;
			files = (
				500683372A8B9738006AD561 /* ViewController.swift in Sources */,
				500683332A8B9738006AD561 /* AppDelegate.swift in Sources */,
				500683352A8B9738006AD561 /* SceneDelegate.swift in Sources */,
			);
			runOnlyForDeploymentPostprocessing = 0;
		};
/* End PBXSourcesBuildPhase section */

/* Begin PBXVariantGroup section */
		500683382A8B9738006AD561 /* Main.storyboard */ = {
			isa = PBXVariantGroup;
			children = (
				500683392A8B9738006AD561 /* Base */,
			);
			name = Main.storyboard;
			sourceTree = "<group>";
		};
		5006833D2A8B9739006AD561 /* LaunchScreen.storyboard */ = {
			isa = PBXVariantGroup;
			children = (
				5006833E2A8B9739006AD561 /* Base */,
			);
			name = LaunchScreen.storyboard;
			sourceTree = "<group>";
		};
/* End PBXVariantGroup section */

/* Begin XCBuildConfiguration section */
		500683412A8B9739006AD561 /* Debug */ = {
			isa = XCBuildConfiguration;
			buildSettings = {
				ALWAYS_SEARCH_USER_PATHS = NO;
				CLANG_ANALYZER_NONNULL = YES;
				CLANG_ANALYZER_NUMBER_OBJECT_CONVERSION = YES_AGGRESSIVE;
				CLANG_CXX_LANGUAGE_STANDARD = "gnu++20";
				CLANG_ENABLE_MODULES = YES;
				CLANG_ENABLE_OBJC_ARC = YES;
				CLANG_ENABLE_OBJC_WEAK = YES;
				CLANG_WARN_BLOCK_CAPTURE_AUTORELEASING = YES;
				CLANG_WARN_BOOL_CONVERSION = YES;
				CLANG_WARN_COMMA = YES;
				CLANG_WARN_CONSTANT_CONVERSION = YES;
				CLANG_WARN_DEPRECATED_OBJC_IMPLEMENTATIONS = YES;
				CLANG_WARN_DIRECT_OBJC_ISA_USAGE = YES_ERROR;
				CLANG_WARN_DOCUMENTATION_COMMENTS = YES;
				CLANG_WARN_EMPTY_BODY = YES;
				CLANG_WARN_ENUM_CONVERSION = YES;
				CLANG_WARN_INFINITE_RECURSION = YES;
				CLANG_WARN_INT_CONVERSION = YES;
				CLANG_WARN_NON_LITERAL_NULL_CONVERSION = YES;
				CLANG_WARN_OBJC_IMPLICIT_RETAIN_SELF = YES;
				CLANG_WARN_OBJC_LITERAL_CONVERSION = YES;
				CLANG_WARN_OBJC_ROOT_CLASS = YES_ERROR;
				CLANG_WARN_QUOTED_INCLUDE_IN_FRAMEWORK_HEADER = YES;
				CLANG_WARN_RANGE_LOOP_ANALYSIS = YES;
				CLANG_WARN_STRICT_PROTOTYPES = YES;
				CLANG_WARN_SUSPICIOUS_MOVE = YES;
				CLANG_WARN_UNGUARDED_AVAILABILITY = YES_AGGRESSIVE;
				CLANG_WARN_UNREACHABLE_CODE = YES;
				CLANG_WARN__DUPLICATE_METHOD_MATCH = YES;
				COPY_PHASE_STRIP = NO;
				DEBUG_INFORMATION_FORMAT = dwarf;
				ENABLE_STRICT_OBJC_MSGSEND = YES;
				ENABLE_TESTABILITY = YES;
				GCC_C_LANGUAGE_STANDARD = gnu11;
				GCC_DYNAMIC_NO_PIC = NO;
				GCC_NO_COMMON_BLOCKS = YES;
				GCC_OPTIMIZATION_LEVEL = 0;
				GCC_PREPROCESSOR_DEFINITIONS = (
					"DEBUG=1",
					"$(inherited)",
				);
				GCC_WARN_64_TO_32_BIT_CONVERSION = YES;
				GCC_WARN_ABOUT_RETURN_TYPE = YES_ERROR;
				GCC_WARN_UNDECLARED_SELECTOR = YES;
				GCC_WARN_UNINITIALIZED_AUTOS = YES_AGGRESSIVE;
				GCC_WARN_UNUSED_FUNCTION = YES;
				GCC_WARN_UNUSED_VARIABLE = YES;
				IPHONEOS_DEPLOYMENT_TARGET = 16.2;
				MTL_ENABLE_DEBUG_INFO = INCLUDE_SOURCE;
				MTL_FAST_MATH = YES;
				ONLY_ACTIVE_ARCH = YES;
				SDKROOT = iphoneos;
				SWIFT_ACTIVE_COMPILATION_CONDITIONS = DEBUG;
				SWIFT_OPTIMIZATION_LEVEL = "-Onone";
			};
			name = Debug;
		};
		500683422A8B9739006AD561 /* Release */ = {
			isa = XCBuildConfiguration;
			buildSettings = {
				ALWAYS_SEARCH_USER_PATHS = NO;
				CLANG_ANALYZER_NONNULL = YES;
				CLANG_ANALYZER_NUMBER_OBJECT_CONVERSION = YES_AGGRESSIVE;
				CLANG_CXX_LANGUAGE_STANDARD = "gnu++20";
				CLANG_ENABLE_MODULES = YES;
				CLANG_ENABLE_OBJC_ARC = YES;
				CLANG_ENABLE_OBJC_WEAK = YES;
				CLANG_WARN_BLOCK_CAPTURE_AUTORELEASING = YES;
				CLANG_WARN_BOOL_CONVERSION = YES;
				CLANG_WARN_COMMA = YES;
				CLANG_WARN_CONSTANT_CONVERSION = YES;
				CLANG_WARN_DEPRECATED_OBJC_IMPLEMENTATIONS = YES;
				CLANG_WARN_DIRECT_OBJC_ISA_USAGE = YES_ERROR;
				CLANG_WARN_DOCUMENTATION_COMMENTS = YES;
				CLANG_WARN_EMPTY_BODY = YES;
				CLANG_WARN_ENUM_CONVERSION = YES;
				CLANG_WARN_INFINITE_RECURSION = YES;
				CLANG_WARN_INT_CONVERSION = YES;
				CLANG_WARN_NON_LITERAL_NULL_CONVERSION = YES;
				CLANG_WARN_OBJC_IMPLICIT_RETAIN_SELF = YES;
				CLANG_WARN_OBJC_LITERAL_CONVERSION = YES;
				CLANG_WARN_OBJC_ROOT_CLASS = YES_ERROR;
				CLANG_WARN_QUOTED_INCLUDE_IN_FRAMEWORK_HEADER = YES;
				CLANG_WARN_RANGE_LOOP_ANALYSIS = YES;
				CLANG_WARN_STRICT_PROTOTYPES = YES;
				CLANG_WARN_SUSPICIOUS_MOVE = YES;
				CLANG_WARN_UNGUARDED_AVAILABILITY = YES_AGGRESSIVE;
				CLANG_WARN_UNREACHABLE_CODE = YES;
				CLANG_WARN__DUPLICATE_METHOD_MATCH = YES;
				COPY_PHASE_STRIP = NO;
				DEBUG_INFORMATION_FORMAT = "dwarf-with-dsym";
				ENABLE_NS_ASSERTIONS = NO;
				ENABLE_STRICT_OBJC_MSGSEND = YES;
				GCC_C_LANGUAGE_STANDARD = gnu11;
				GCC_NO_COMMON_BLOCKS = YES;
				GCC_WARN_64_TO_32_BIT_CONVERSION = YES;
				GCC_WARN_ABOUT_RETURN_TYPE = YES_ERROR;
				GCC_WARN_UNDECLARED_SELECTOR = YES;
				GCC_WARN_UNINITIALIZED_AUTOS = YES_AGGRESSIVE;
				GCC_WARN_UNUSED_FUNCTION = YES;
				GCC_WARN_UNUSED_VARIABLE = YES;
				IPHONEOS_DEPLOYMENT_TARGET = 16.2;
				MTL_ENABLE_DEBUG_INFO = NO;
				MTL_FAST_MATH = YES;
				SDKROOT = iphoneos;
				SWIFT_COMPILATION_MODE = wholemodule;
				SWIFT_OPTIMIZATION_LEVEL = "-O";
				VALIDATE_PRODUCT = YES;
			};
			name = Release;
		};
		500683442A8B9739006AD561 /* Debug */ = {
			isa = XCBuildConfiguration;
			buildSettings = {
				ASSETCATALOG_COMPILER_APPICON_NAME = AppIcon;
				ASSETCATALOG_COMPILER_GLOBAL_ACCENT_COLOR_NAME = AccentColor;
				CODE_SIGN_STYLE = Automatic;
				CURRENT_PROJECT_VERSION = 1;
				GENERATE_INFOPLIST_FILE = YES;
				INFOPLIST_FILE = Xylophone/Info.plist;
				INFOPLIST_KEY_UIApplicationSupportsIndirectInputEvents = YES;
				INFOPLIST_KEY_UILaunchStoryboardName = LaunchScreen;
				INFOPLIST_KEY_UIMainStoryboardFile = Main;
				INFOPLIST_KEY_UISupportedInterfaceOrientations_iPad = "UIInterfaceOrientationPortrait UIInterfaceOrientationPortraitUpsideDown UIInterfaceOrientationLandscapeLeft UIInterfaceOrientationLandscapeRight";
				INFOPLIST_KEY_UISupportedInterfaceOrientations_iPhone = "UIInterfaceOrientationPortrait UIInterfaceOrientationLandscapeLeft UIInterfaceOrientationLandscapeRight";
				LD_RUNPATH_SEARCH_PATHS = (
					"$(inherited)",
					"@executable_path/Frameworks",
				);
				MARKETING_VERSION = 1.0;
				PRODUCT_BUNDLE_IDENTIFIER = com.aaraiz.Xylophone;
				PRODUCT_NAME = "$(TARGET_NAME)";
				SWIFT_EMIT_LOC_STRINGS = YES;
				SWIFT_VERSION = 5.0;
				TARGETED_DEVICE_FAMILY = "1,2";
			};
			name = Debug;
		};
		500683452A8B9739006AD561 /* Release */ = {
			isa = XCBuildConfiguration;
			buildSettings = {
				ASSETCATALOG_COMPILER_APPICON_NAME = AppIcon;
				ASSETCATALOG_COMPILER_GLOBAL_ACCENT_COLOR_NAME = AccentColor;
				CODE_SIGN_STYLE = Automatic;
				CURRENT_PROJECT_VERSION = 1;
				GENERATE_INFOPLIST_FILE = YES;
				INFOPLIST_FILE = Xylophone/Info.plist;
				INFOPLIST_KEY_UIApplicationSupportsIndirectInputEvents = YES;
				INFOPLIST_KEY_UILaunchStoryboardName = LaunchScreen;
				INFOPLIST_KEY_UIMainStoryboardFile = Main;
				INFOPLIST_KEY_UISupportedInterfaceOrientations_iPad = "UIInterfaceOrientationPortrait UIInterfaceOrientationPortraitUpsideDown UIInterfaceOrientationLandscapeLeft UIInterfaceOrientationLandscapeRight";
				INFOPLIST_KEY_UISupportedInterfaceOrientations_iPhone = "UIInterfaceOrientationPortrait UIInterfaceOrientationLandscapeLeft UIInterfaceOrientationLandscapeRight";
				LD_RUNPATH_SEARCH_PATHS = (
					"$(inherited)",
					"@executable_path/Frameworks",
				);
				MARKETING_VERSION = 1.0;
				PRODUCT_BUNDLE_IDENTIFIER = com.aaraiz.Xylophone;
				PRODUCT_NAME = "$(TARGET_NAME)";
				SWIFT_EMIT_LOC_STRINGS = YES;
				SWIFT_VERSION = 5.0;
				TARGETED_DEVICE_FAMILY = "1,2";
			};
			name = Release;
		};
/* End XCBuildConfiguration section */

/* Begin XCConfigurationList section */
		5006832A2A8B9738006AD561 /* Build configuration list for PBXProject "Xylophone" */ = {
			isa = XCConfigurationList;
			buildConfigurations = (
				500683412A8B9739006AD561 /* Debug */,
				500683422A8B9739006AD561 /* Release */,
			);
			defaultConfigurationIsVisible = 0;
			defaultConfigurationName = Release;
		};
		500683432A8B9739006AD561 /* Build configuration list for PBXNativeTarget "Xylophone" */ = {
			isa = XCConfigurationList;
			buildConfigurations = (
				500683442A8B9739006AD561 /* Debug */,
				500683452A8B9739006AD561 /* Release */,
			);
			defaultConfigurationIsVisible = 0;
			defaultConfigurationName = Release;
		};
/* End XCConfigurationList section */
	};
	rootObject = 500683272A8B9738006AD561 /* Project object */;
}
